
Microsoft Visual Studio Solution File, Format Version 12.00
# Visual Studio Version 17
VisualStudioVersion = 17.6.33723.286
MinimumVisualStudioVersion = 10.0.40219.1
Project("{888888A0-9F3D-457C-B088-3A5042F75D52}") = "Öğrenci Otomasyonu", "Öğrenci Otomasyonu.pyproj", "{8612F836-71CE-4461-A23D-C1C9834D8DCB}"
EndProject
Global
	GlobalSection(SolutionConfigurationPlatforms) = preSolution
		Debug|Any CPU = Debug|Any CPU
		Release|Any CPU = Release|Any CPU
	EndGlobalSection
	GlobalSection(ProjectConfigurationPlatforms) = postSolution
		{8612F836-71CE-4461-A23D-C1C9834D8DCB}.Debug|Any CPU.ActiveCfg = Debug|Any CPU
		{8612F836-71CE-4461-A23D-C1C9834D8DCB}.Release|Any CPU.ActiveCfg = Release|Any CPU
	EndGlobalSection
	GlobalSection(SolutionProperties) = preSolution
		HideSolutionNode = FALSE
	EndGlobalSection
	GlobalSection(ExtensibilityGlobals) = postSolution
		SolutionGuid = {91DFE5AA-8D1F-48B9-A196-21996676C3BA}
	EndGlobalSection
EndGlobal
